
Microsoft Visual Studio Solution File, Format Version 12.00
# Visual Studio 15
VisualStudioVersion = 15.0.28307.329
MinimumVisualStudioVersion = 10.0.40219.1
Project("{F184B08F-C81C-45F6-A57F-5ABD9991F28F}") = "FoLock V2", "FoLock V2\FoLock V2.vbproj", "{CA876347-5D99-47F2-88C2-463E4F3D7AC6}"
EndProject
Global
	GlobalSection(SolutionConfigurationPlatforms) = preSolution
		Debug|Any CPU = Debug|Any CPU
		Release|Any CPU = Release|Any CPU
	EndGlobalSection
	GlobalSection(ProjectConfigurationPlatforms) = postSolution
		{CA876347-5D99-47F2-88C2-463E4F3D7AC6}.Debug|Any CPU.ActiveCfg = Debug|Any CPU
		{CA876347-5D99-47F2-88C2-463E4F3D7AC6}.Debug|Any CPU.Build.0 = Debug|Any CPU
		{CA876347-5D99-47F2-88C2-463E4F3D7AC6}.Release|Any CPU.ActiveCfg = Release|Any CPU
		{CA876347-5D99-47F2-88C2-463E4F3D7AC6}.Release|Any CPU.Build.0 = Release|Any CPU
	EndGlobalSection
	GlobalSection(SolutionProperties) = preSolution
		HideSolutionNode = FALSE
	EndGlobalSection
	GlobalSection(ExtensibilityGlobals) = postSolution
		SolutionGuid = {67F8E82D-CFBC-426B-9632-CFDD9A5B067E}
	EndGlobalSection
EndGlobal
